// !$*UTF8*$!
{
	archiveVersion = 1;
	classes = {
	};
	objectVersion = 46;
	objects = {

/* Begin PBXBuildFile section */
		ED9F9C9F19888B8E00D754EA /* Foundation.framework in Frameworks */ = {isa = PBXBuildFile; fileRef = ED9F9C9E19888B8E00D754EA /* Foundation.framework */; };
		ED9F9CA119888B8E00D754EA /* CoreGraphics.framework in Frameworks */ = {isa = PBXBuildFile; fileRef = ED9F9CA019888B8E00D754EA /* CoreGraphics.framework */; };
		ED9F9CA319888B8E00D754EA /* UIKit.framework in Frameworks */ = {isa = PBXBuildFile; fileRef = ED9F9CA219888B8E00D754EA /* UIKit.framework */; };
		ED9F9CA919888B8E00D754EA /* InfoPlist.strings in Resources */ = {isa = PBXBuildFile; fileRef = ED9F9CA719888B8E00D754EA /* InfoPlist.strings */; };
		ED9F9CAB19888B8E00D754EA /* main.m in Sources */ = {isa = PBXBuildFile; fileRef = ED9F9CAA19888B8E00D754EA /* main.m */; };
		ED9F9CAF19888B8E00D754EA /* YBIAppDelegate.m in Sources */ = {isa = PBXBuildFile; fileRef = ED9F9CAE19888B8E00D754EA /* YBIAppDelegate.m */; };
		ED9F9CB119888B8E00D754EA /* Images.xcassets in Resources */ = {isa = PBXBuildFile; fileRef = ED9F9CB019888B8E00D754EA /* Images.xcassets */; };
		ED9F9CB819888B8E00D754EA /* XCTest.framework in Frameworks */ = {isa = PBXBuildFile; fileRef = ED9F9CB719888B8E00D754EA /* XCTest.framework */; };
		ED9F9CB919888B8E00D754EA /* Foundation.framework in Frameworks */ = {isa = PBXBuildFile; fileRef = ED9F9C9E19888B8E00D754EA /* Foundation.framework */; };
		ED9F9CBA19888B8E00D754EA /* UIKit.framework in Frameworks */ = {isa = PBXBuildFile; fileRef = ED9F9CA219888B8E00D754EA /* UIKit.framework */; };
		ED9F9CC219888B8E00D754EA /* InfoPlist.strings in Resources */ = {isa = PBXBuildFile; fileRef = ED9F9CC019888B8E00D754EA /* InfoPlist.strings */; };
		ED9F9CC419888B8E00D754EA /* LastPieceTests.m in Sources */ = {isa = PBXBuildFile; fileRef = ED9F9CC319888B8E00D754EA /* LastPieceTests.m */; };
/* End PBXBuildFile section */

/* Begin PBXContainerItemProxy section */
		ED9F9CBB19888B8E00D754EA /* PBXContainerItemProxy */ = {
			isa = PBXContainerItemProxy;
			containerPortal = ED9F9C9319888B8E00D754EA /* Project object */;
			proxyType = 1;
			remoteGlobalIDString = ED9F9C9A19888B8E00D754EA;
			remoteInfo = LastPiece;
		};
/* End PBXContainerItemProxy section */

/* Begin PBXFileReference section */
		ED9F9C9B19888B8E00D754EA /* LastPiece.app */ = {isa = PBXFileReference; explicitFileType = wrapper.application; includeInIndex = 0; path = LastPiece.app; sourceTree = BUILT_PRODUCTS_DIR; };
		ED9F9C9E19888B8E00D754EA /* Foundation.framework */ = {isa = PBXFileReference; lastKnownFileType = wrapper.framework; name = Foundation.framework; path = System/Library/Frameworks/Foundation.framework; sourceTree = SDKROOT; };
		ED9F9CA019888B8E00D754EA /* CoreGraphics.framework */ = {isa = PBXFileReference; lastKnownFileType = wrapper.framework; name = CoreGraphics.framework; path = System/Library/Frameworks/CoreGraphics.framework; sourceTree = SDKROOT; };
		ED9F9CA219888B8E00D754EA /* UIKit.framework */ = {isa = PBXFileReference; lastKnownFileType = wrapper.framework; name = UIKit.framework; path = System/Library/Frameworks/UIKit.framework; sourceTree = SDKROOT; };
		ED9F9CA619888B8E00D754EA /* LastPiece-Info.plist */ = {isa = PBXFileReference; lastKnownFileType = text.plist.xml; path = "LastPiece-Info.plist"; sourceTree = "<group>"; };
		ED9F9CA819888B8E00D754EA /* en */ = {isa = PBXFileReference; lastKnownFileType = text.plist.strings; name = en; path = en.lproj/InfoPlist.strings; sourceTree = "<group>"; };
		ED9F9CAA19888B8E00D754EA /* main.m */ = {isa = PBXFileReference; lastKnownFileType = sourcecode.c.objc; path = main.m; sourceTree = "<group>"; };
		ED9F9CAC19888B8E00D754EA /* LastPiece-Prefix.pch */ = {isa = PBXFileReference; lastKnownFileType = sourcecode.c.h; path = "LastPiece-Prefix.pch"; sourceTree = "<group>"; };
		ED9F9CAD19888B8E00D754EA /* YBIAppDelegate.h */ = {isa = PBXFileReference; lastKnownFileType = sourcecode.c.h; path = YBIAppDelegate.h; sourceTree = "<group>"; };
		ED9F9CAE19888B8E00D754EA /* YBIAppDelegate.m */ = {isa = PBXFileReference; lastKnownFileType = sourcecode.c.objc; path = YBIAppDelegate.m; sourceTree = "<group>"; };
		ED9F9CB019888B8E00D754EA /* Images.xcassets */ = {isa = PBXFileReference; lastKnownFileType = folder.assetcatalog; path = Images.xcassets; sourceTree = "<group>"; };
		ED9F9CB619888B8E00D754EA /* LastPieceTests.xctest */ = {isa = PBXFileReference; explicitFileType = wrapper.cfbundle; includeInIndex = 0; path = LastPieceTests.xctest; sourceTree = BUILT_PRODUCTS_DIR; };
		ED9F9CB719888B8E00D754EA /* XCTest.framework */ = {isa = PBXFileReference; lastKnownFileType = wrapper.framework; name = XCTest.framework; path = Library/Frameworks/XCTest.framework; sourceTree = DEVELOPER_DIR; };
		ED9F9CBF19888B8E00D754EA /* LastPieceTests-Info.plist */ = {isa = PBXFileReference; lastKnownFileType = text.plist.xml; path = "LastPieceTests-Info.plist"; sourceTree = "<group>"; };
		ED9F9CC119888B8E00D754EA /* en */ = {isa = PBXFileReference; lastKnownFileType = text.plist.strings; name = en; path = en.lproj/InfoPlist.strings; sourceTree = "<group>"; };
		ED9F9CC319888B8E00D754EA /* LastPieceTests.m */ = {isa = PBXFileReference; lastKnownFileType = sourcecode.c.objc; path = LastPieceTests.m; sourceTree = "<group>"; };
/* End PBXFileReference section */

/* Begin PBXFrameworksBuildPhase section */
		ED9F9C9819888B8E00D754EA /* Frameworks */ = {
			isa = PBXFrameworksBuildPhase;
			buildActionMask = 2147483647;
			files = (
				ED9F9CA119888B8E00D754EA /* CoreGraphics.framework in Frameworks */,
				ED9F9CA319888B8E00D754EA /* UIKit.framework in Frameworks */,
				ED9F9C9F19888B8E00D754EA /* Foundation.framework in Frameworks */,
			);
			runOnlyForDeploymentPostprocessing = 0;
		};
		ED9F9CB319888B8E00D754EA /* Frameworks */ = {
			isa = PBXFrameworksBuildPhase;
			buildActionMask = 2147483647;
			files = (
				ED9F9CB819888B8E00D754EA /* XCTest.framework in Frameworks */,
				ED9F9CBA19888B8E00D754EA /* UIKit.framework in Frameworks */,
				ED9F9CB919888B8E00D754EA /* Foundation.framework in Frameworks */,
			);
			runOnlyForDeploymentPostprocessing = 0;
		};
/* End PBXFrameworksBuildPhase section */

/* Begin PBXGroup section */
		ED9F9C9219888B8E00D754EA = {
			isa = PBXGroup;
			children = (
				ED9F9CA419888B8E00D754EA /* LastPiece */,
				ED9F9CBD19888B8E00D754EA /* LastPieceTests */,
				ED9F9C9D19888B8E00D754EA /* Frameworks */,
				ED9F9C9C19888B8E00D754EA /* Products */,
			);
			sourceTree = "<group>";
		};
		ED9F9C9C19888B8E00D754EA /* Products */ = {
			isa = PBXGroup;
			children = (
				ED9F9C9B19888B8E00D754EA /* LastPiece.app */,
				ED9F9CB619888B8E00D754EA /* LastPieceTests.xctest */,
			);
			name = Products;
			sourceTree = "<group>";
		};
		ED9F9C9D19888B8E00D754EA /* Frameworks */ = {
			isa = PBXGroup;
			children = (
				ED9F9C9E19888B8E00D754EA /* Foundation.framework */,
				ED9F9CA019888B8E00D754EA /* CoreGraphics.framework */,
				ED9F9CA219888B8E00D754EA /* UIKit.framework */,
				ED9F9CB719888B8E00D754EA /* XCTest.framework */,
			);
			name = Frameworks;
			sourceTree = "<group>";
		};
		ED9F9CA419888B8E00D754EA /* LastPiece */ = {
			isa = PBXGroup;
			children = (
				ED9F9CAD19888B8E00D754EA /* YBIAppDelegate.h */,
				ED9F9CAE19888B8E00D754EA /* YBIAppDelegate.m */,
				ED9F9CB019888B8E00D754EA /* Images.xcassets */,
				ED9F9CA519888B8E00D754EA /* Supporting Files */,
			);
			path = LastPiece;
			sourceTree = "<group>";
		};
		ED9F9CA519888B8E00D754EA /* Supporting Files */ = {
			isa = PBXGroup;
			children = (
				ED9F9CA619888B8E00D754EA /* LastPiece-Info.plist */,
				ED9F9CA719888B8E00D754EA /* InfoPlist.strings */,
				ED9F9CAA19888B8E00D754EA /* main.m */,
				ED9F9CAC19888B8E00D754EA /* LastPiece-Prefix.pch */,
			);
			name = "Supporting Files";
			sourceTree = "<group>";
		};
		ED9F9CBD19888B8E00D754EA /* LastPieceTests */ = {
			isa = PBXGroup;
			children = (
				ED9F9CC319888B8E00D754EA /* LastPieceTests.m */,
				ED9F9CBE19888B8E00D754EA /* Supporting Files */,
			);
			path = LastPieceTests;
			sourceTree = "<group>";
		};
		ED9F9CBE19888B8E00D754EA /* Supporting Files */ = {
			isa = PBXGroup;
			children = (
				ED9F9CBF19888B8E00D754EA /* LastPieceTests-Info.plist */,
				ED9F9CC019888B8E00D754EA /* InfoPlist.strings */,
			);
			name = "Supporting Files";
			sourceTree = "<group>";
		};
/* End PBXGroup section */

/* Begin PBXNativeTarget section */
		ED9F9C9A19888B8E00D754EA /* LastPiece */ = {
			isa = PBXNativeTarget;
			buildConfigurationList = ED9F9CC719888B8E00D754EA /* Build configuration list for PBXNativeTarget "LastPiece" */;
			buildPhases = (
				ED9F9C9719888B8E00D754EA /* Sources */,
				ED9F9C9819888B8E00D754EA /* Frameworks */,
				ED9F9C9919888B8E00D754EA /* Resources */,
			);
			buildRules = (
			);
			dependencies = (
			);
			name = LastPiece;
			productName = LastPiece;
			productReference = ED9F9C9B19888B8E00D754EA /* LastPiece.app */;
			productType = "com.apple.product-type.application";
		};
		ED9F9CB519888B8E00D754EA /* LastPieceTests */ = {
			isa = PBXNativeTarget;
			buildConfigurationList = ED9F9CCA19888B8E00D754EA /* Build configuration list for PBXNativeTarget "LastPieceTests" */;
			buildPhases = (
				ED9F9CB219888B8E00D754EA /* Sources */,
				ED9F9CB319888B8E00D754EA /* Frameworks */,
				ED9F9CB419888B8E00D754EA /* Resources */,
			);
			buildRules = (
			);
			dependencies = (
				ED9F9CBC19888B8E00D754EA /* PBXTargetDependency */,
			);
			name = LastPieceTests;
			productName = LastPieceTests;
			productReference = ED9F9CB619888B8E00D754EA /* LastPieceTests.xctest */;
			productType = "com.apple.product-type.bundle.unit-test";
		};
/* End PBXNativeTarget section */

/* Begin PBXProject section */
		ED9F9C9319888B8E00D754EA /* Project object */ = {
			isa = PBXProject;
			attributes = {
				CLASSPREFIX = YBI;
				LastUpgradeCheck = 0510;
				ORGANIZATIONNAME = "Ya Boi Inc";
				TargetAttributes = {
					ED9F9CB519888B8E00D754EA = {
						TestTargetID = ED9F9C9A19888B8E00D754EA;
					};
				};
			};
			buildConfigurationList = ED9F9C9619888B8E00D754EA /* Build configuration list for PBXProject "LastPiece" */;
			compatibilityVersion = "Xcode 3.2";
			developmentRegion = English;
			hasScannedForEncodings = 0;
			knownRegions = (
				en,
			);
			mainGroup = ED9F9C9219888B8E00D754EA;
			productRefGroup = ED9F9C9C19888B8E00D754EA /* Products */;
			projectDirPath = "";
			projectRoot = "";
			targets = (
				ED9F9C9A19888B8E00D754EA /* LastPiece */,
				ED9F9CB519888B8E00D754EA /* LastPieceTests */,
			);
		};
/* End PBXProject section */

/* Begin PBXResourcesBuildPhase section */
		ED9F9C9919888B8E00D754EA /* Resources */ = {
			isa = PBXResourcesBuildPhase;
			buildActionMask = 2147483647;
			files = (
				ED9F9CA919888B8E00D754EA /* InfoPlist.strings in Resources */,
				ED9F9CB119888B8E00D754EA /* Images.xcassets in Resources */,
			);
			runOnlyForDeploymentPostprocessing = 0;
		};
		ED9F9CB419888B8E00D754EA /* Resources */ = {
			isa = PBXResourcesBuildPhase;
			buildActionMask = 2147483647;
			files = (
				ED9F9CC219888B8E00D754EA /* InfoPlist.strings in Resources */,
			);
			runOnlyForDeploymentPostprocessing = 0;
		};
/* End PBXResourcesBuildPhase section */

/* Begin PBXSourcesBuildPhase section */
		ED9F9C9719888B8E00D754EA /* Sources */ = {
			isa = PBXSourcesBuildPhase;
			buildActionMask = 2147483647;
			files = (
				ED9F9CAB19888B8E00D754EA /* main.m in Sources */,
				ED9F9CAF19888B8E00D754EA /* YBIAppDelegate.m in Sources */,
			);
			runOnlyForDeploymentPostprocessing = 0;
		};
		ED9F9CB219888B8E00D754EA /* Sources */ = {
			isa = PBXSourcesBuildPhase;
			buildActionMask = 2147483647;
			files = (
				ED9F9CC419888B8E00D754EA /* LastPieceTests.m in Sources */,
			);
			runOnlyForDeploymentPostprocessing = 0;
		};
/* End PBXSourcesBuildPhase section */

/* Begin PBXTargetDependency section */
		ED9F9CBC19888B8E00D754EA /* PBXTargetDependency */ = {
			isa = PBXTargetDependency;
			target = ED9F9C9A19888B8E00D754EA /* LastPiece */;
			targetProxy = ED9F9CBB19888B8E00D754EA /* PBXContainerItemProxy */;
		};
/* End PBXTargetDependency section */

/* Begin PBXVariantGroup section */
		ED9F9CA719888B8E00D754EA /* InfoPlist.strings */ = {
			isa = PBXVariantGroup;
			children = (
				ED9F9CA819888B8E00D754EA /* en */,
			);
			name = InfoPlist.strings;
			sourceTree = "<group>";
		};
		ED9F9CC019888B8E00D754EA /* InfoPlist.strings */ = {
			isa = PBXVariantGroup;
			children = (
				ED9F9CC119888B8E00D754EA /* en */,
			);
			name = InfoPlist.strings;
			sourceTree = "<group>";
		};
/* End PBXVariantGroup section */

/* Begin XCBuildConfiguration section */
		ED9F9CC519888B8E00D754EA /* Debug */ = {
			isa = XCBuildConfiguration;
			buildSettings = {
				ALWAYS_SEARCH_USER_PATHS = NO;
				CLANG_CXX_LANGUAGE_STANDARD = "gnu++0x";
				CLANG_CXX_LIBRARY = "libc++";
				CLANG_ENABLE_MODULES = YES;
				CLANG_ENABLE_OBJC_ARC = YES;
				CLANG_WARN_BOOL_CONVERSION = YES;
				CLANG_WARN_CONSTANT_CONVERSION = YES;
				CLANG_WARN_DIRECT_OBJC_ISA_USAGE = YES_ERROR;
				CLANG_WARN_EMPTY_BODY = YES;
				CLANG_WARN_ENUM_CONVERSION = YES;
				CLANG_WARN_INT_CONVERSION = YES;
				CLANG_WARN_OBJC_ROOT_CLASS = YES_ERROR;
				CLANG_WARN__DUPLICATE_METHOD_MATCH = YES;
				"CODE_SIGN_IDENTITY[sdk=iphoneos*]" = "iPhone Developer";
				COPY_PHASE_STRIP = NO;
				GCC_C_LANGUAGE_STANDARD = gnu99;
				GCC_DYNAMIC_NO_PIC = NO;
				GCC_OPTIMIZATION_LEVEL = 0;
				GCC_PREPROCESSOR_DEFINITIONS = (
					"DEBUG=1",
					"$(inherited)",
				);
				GCC_SYMBOLS_PRIVATE_EXTERN = NO;
				GCC_WARN_64_TO_32_BIT_CONVERSION = YES;
				GCC_WARN_ABOUT_RETURN_TYPE = YES_ERROR;
				GCC_WARN_UNDECLARED_SELECTOR = YES;
				GCC_WARN_UNINITIALIZED_AUTOS = YES_AGGRESSIVE;
				GCC_WARN_UNUSED_FUNCTION = YES;
				GCC_WARN_UNUSED_VARIABLE = YES;
				IPHONEOS_DEPLOYMENT_TARGET = 7.1;
				ONLY_ACTIVE_ARCH = YES;
				SDKROOT = iphoneos;
			};
			name = Debug;
		};
		ED9F9CC619888B8E00D754EA /* Release */ = {
			isa = XCBuildConfiguration;
			buildSettings = {
				ALWAYS_SEARCH_USER_PATHS = NO;
				CLANG_CXX_LANGUAGE_STANDARD = "gnu++0x";
				CLANG_CXX_LIBRARY = "libc++";
				CLANG_ENABLE_MODULES = YES;
				CLANG_ENABLE_OBJC_ARC = YES;
				CLANG_WARN_BOOL_CONVERSION = YES;
				CLANG_WARN_CONSTANT_CONVERSION = YES;
				CLANG_WARN_DIRECT_OBJC_ISA_USAGE = YES_ERROR;
				CLANG_WARN_EMPTY_BODY = YES;
				CLANG_WARN_ENUM_CONVERSION = YES;
				CLANG_WARN_INT_CONVERSION = YES;
				CLANG_WARN_OBJC_ROOT_CLASS = YES_ERROR;
				CLANG_WARN__DUPLICATE_METHOD_MATCH = YES;
				"CODE_SIGN_IDENTITY[sdk=iphoneos*]" = "iPhone Developer";
				COPY_PHASE_STRIP = YES;
				ENABLE_NS_ASSERTIONS = NO;
				GCC_C_LANGUAGE_STANDARD = gnu99;
				GCC_WARN_64_TO_32_BIT_CONVERSION = YES;
				GCC_WARN_ABOUT_RETURN_TYPE = YES_ERROR;
				GCC_WARN_UNDECLARED_SELECTOR = YES;
				GCC_WARN_UNINITIALIZED_AUTOS = YES_AGGRESSIVE;
				GCC_WARN_UNUSED_FUNCTION = YES;
				GCC_WARN_UNUSED_VARIABLE = YES;
				IPHONEOS_DEPLOYMENT_TARGET = 7.1;
				SDKROOT = iphoneos;
				VALIDATE_PRODUCT = YES;
			};
			name = Release;
		};
		ED9F9CC819888B8E00D754EA /* Debug */ = {
			isa = XCBuildConfiguration;
			buildSettings = {
				ASSETCATALOG_COMPILER_APPICON_NAME = AppIcon;
				ASSETCATALOG_COMPILER_LAUNCHIMAGE_NAME = LaunchImage;
				GCC_PRECOMPILE_PREFIX_HEADER = YES;
				GCC_PREFIX_HEADER = "LastPiece/LastPiece-Prefix.pch";
				INFOPLIST_FILE = "LastPiece/LastPiece-Info.plist";
				PRODUCT_NAME = "$(TARGET_NAME)";
				WRAPPER_EXTENSION = app;
			};
			name = Debug;
		};
		ED9F9CC919888B8E00D754EA /* Release */ = {
			isa = XCBuildConfiguration;
			buildSettings = {
				ASSETCATALOG_COMPILER_APPICON_NAME = AppIcon;
				ASSETCATALOG_COMPILER_LAUNCHIMAGE_NAME = LaunchImage;
				GCC_PRECOMPILE_PREFIX_HEADER = YES;
				GCC_PREFIX_HEADER = "LastPiece/LastPiece-Prefix.pch";
				INFOPLIST_FILE = "LastPiece/LastPiece-Info.plist";
				PRODUCT_NAME = "$(TARGET_NAME)";
				WRAPPER_EXTENSION = app;
			};
			name = Release;
		};
		ED9F9CCB19888B8E00D754EA /* Debug */ = {
			isa = XCBuildConfiguration;
			buildSettings = {
				BUNDLE_LOADER = "$(BUILT_PRODUCTS_DIR)/LastPiece.app/LastPiece";
				FRAMEWORK_SEARCH_PATHS = (
					"$(SDKROOT)/Developer/Library/Frameworks",
					"$(inherited)",
					"$(DEVELOPER_FRAMEWORKS_DIR)",
				);
				GCC_PRECOMPILE_PREFIX_HEADER = YES;
				GCC_PREFIX_HEADER = "LastPiece/LastPiece-Prefix.pch";
				GCC_PREPROCESSOR_DEFINITIONS = (
					"DEBUG=1",
					"$(inherited)",
				);
				INFOPLIST_FILE = "LastPieceTests/LastPieceTests-Info.plist";
				PRODUCT_NAME = "$(TARGET_NAME)";
				TEST_HOST = "$(BUNDLE_LOADER)";
				WRAPPER_EXTENSION = xctest;
			};
			name = Debug;
		};
		ED9F9CCC19888B8E00D754EA /* Release */ = {
			isa = XCBuildConfiguration;
			buildSettings = {
				BUNDLE_LOADER = "$(BUILT_PRODUCTS_DIR)/LastPiece.app/LastPiece";
				FRAMEWORK_SEARCH_PATHS = (
					"$(SDKROOT)/Developer/Library/Frameworks",
					"$(inherited)",
					"$(DEVELOPER_FRAMEWORKS_DIR)",
				);
				GCC_PRECOMPILE_PREFIX_HEADER = YES;
				GCC_PREFIX_HEADER = "LastPiece/LastPiece-Prefix.pch";
				INFOPLIST_FILE = "LastPieceTests/LastPieceTests-Info.plist";
				PRODUCT_NAME = "$(TARGET_NAME)";
				TEST_HOST = "$(BUNDLE_LOADER)";
				WRAPPER_EXTENSION = xctest;
			};
			name = Release;
		};
/* End XCBuildConfiguration section */

/* Begin XCConfigurationList section */
		ED9F9C9619888B8E00D754EA /* Build configuration list for PBXProject "LastPiece" */ = {
			isa = XCConfigurationList;
			buildConfigurations = (
				ED9F9CC519888B8E00D754EA /* Debug */,
				ED9F9CC619888B8E00D754EA /* Release */,
			);
			defaultConfigurationIsVisible = 0;
			defaultConfigurationName = Release;
		};
		ED9F9CC719888B8E00D754EA /* Build configuration list for PBXNativeTarget "LastPiece" */ = {
			isa = XCConfigurationList;
			buildConfigurations = (
				ED9F9CC819888B8E00D754EA /* Debug */,
				ED9F9CC919888B8E00D754EA /* Release */,
			);
			defaultConfigurationIsVisible = 0;
		};
		ED9F9CCA19888B8E00D754EA /* Build configuration list for PBXNativeTarget "LastPieceTests" */ = {
			isa = XCConfigurationList;
			buildConfigurations = (
				ED9F9CCB19888B8E00D754EA /* Debug */,
				ED9F9CCC19888B8E00D754EA /* Release */,
			);
			defaultConfigurationIsVisible = 0;
		};
/* End XCConfigurationList section */
	};
	rootObject = ED9F9C9319888B8E00D754EA /* Project object */;
}
